// !$*UTF8*$!
{
	archiveVersion = 1;
	classes = {
	};
	objectVersion = 46;
	objects = {

/* Begin PBXBuildFile section */
		50BD54B01D675A09000B93EF /* AppDelegate.swift in Sources */ = {isa = PBXBuildFile; fileRef = 50BD54AF1D675A09000B93EF /* AppDelegate.swift */; };
		50BD54B21D675A09000B93EF /* ViewController.swift in Sources */ = {isa = PBXBuildFile; fileRef = 50BD54B11D675A09000B93EF /* ViewController.swift */; };
		50BD54B51D675A09000B93EF /* Main.storyboard in Resources */ = {isa = PBXBuildFile; fileRef = 50BD54B31D675A09000B93EF /* Main.storyboard */; };
		50BD54B71D675A09000B93EF /* Assets.xcassets in Resources */ = {isa = PBXBuildFile; fileRef = 50BD54B61D675A09000B93EF /* Assets.xcassets */; };
		50BD54BA1D675A09000B93EF /* LaunchScreen.storyboard in Resources */ = {isa = PBXBuildFile; fileRef = 50BD54B81D675A09000B93EF /* LaunchScreen.storyboard */; };
		50BD54C21D67606B000B93EF /* pokemon.csv in Resources */ = {isa = PBXBuildFile; fileRef = 50BD54C11D67606B000B93EF /* pokemon.csv */; };
/* End PBXBuildFile section */

/* Begin PBXFileReference section */
		50BD54AC1D675A09000B93EF /* Pokedex.app */ = {isa = PBXFileReference; explicitFileType = wrapper.application; includeInIndex = 0; path = Pokedex.app; sourceTree = BUILT_PRODUCTS_DIR; };
		50BD54AF1D675A09000B93EF /* AppDelegate.swift */ = {isa = PBXFileReference; lastKnownFileType = sourcecode.swift; path = AppDelegate.swift; sourceTree = "<group>"; };
		50BD54B11D675A09000B93EF /* ViewController.swift */ = {isa = PBXFileReference; lastKnownFileType = sourcecode.swift; path = ViewController.swift; sourceTree = "<group>"; };
		50BD54B41D675A09000B93EF /* Base */ = {isa = PBXFileReference; lastKnownFileType = file.storyboard; name = Base; path = Base.lproj/Main.storyboard; sourceTree = "<group>"; };
		50BD54B61D675A09000B93EF /* Assets.xcassets */ = {isa = PBXFileReference; lastKnownFileType = folder.assetcatalog; path = Assets.xcassets; sourceTree = "<group>"; };
		50BD54B91D675A09000B93EF /* Base */ = {isa = PBXFileReference; lastKnownFileType = file.storyboard; name = Base; path = Base.lproj/LaunchScreen.storyboard; sourceTree = "<group>"; };
		50BD54BB1D675A09000B93EF /* Info.plist */ = {isa = PBXFileReference; lastKnownFileType = text.plist.xml; path = Info.plist; sourceTree = "<group>"; };
		50BD54C11D67606B000B93EF /* pokemon.csv */ = {isa = PBXFileReference; fileEncoding = 4; lastKnownFileType = text; path = pokemon.csv; sourceTree = "<group>"; };
/* End PBXFileReference section */

/* Begin PBXFrameworksBuildPhase section */
		50BD54A91D675A09000B93EF /* Frameworks */ = {
			isa = PBXFrameworksBuildPhase;
			buildActionMask = 2147483647;
			files = (
			);
			runOnlyForDeploymentPostprocessing = 0;
		};
/* End PBXFrameworksBuildPhase section */

/* Begin PBXGroup section */
		50BD54A31D675A09000B93EF = {
			isa = PBXGroup;
			children = (
				50BD54AE1D675A09000B93EF /* Pokedex */,
				50BD54AD1D675A09000B93EF /* Products */,
			);
			sourceTree = "<group>";
		};
		50BD54AD1D675A09000B93EF /* Products */ = {
			isa = PBXGroup;
			children = (
				50BD54AC1D675A09000B93EF /* Pokedex.app */,
			);
			name = Products;
			sourceTree = "<group>";
		};
		50BD54AE1D675A09000B93EF /* Pokedex */ = {
			isa = PBXGroup;
			children = (
				50BD54AF1D675A09000B93EF /* AppDelegate.swift */,
				50BD54B11D675A09000B93EF /* ViewController.swift */,
				50BD54B31D675A09000B93EF /* Main.storyboard */,
				50BD54B81D675A09000B93EF /* LaunchScreen.storyboard */,
				50BD54BB1D675A09000B93EF /* Info.plist */,
				50BD54C31D67611C000B93EF /* assets */,
			);
			path = Pokedex;
			sourceTree = "<group>";
		};
		50BD54C31D67611C000B93EF /* assets */ = {
			isa = PBXGroup;
			children = (
				50BD54C11D67606B000B93EF /* pokemon.csv */,
				50BD54B61D675A09000B93EF /* Assets.xcassets */,
			);
			name = assets;
			sourceTree = "<group>";
		};
/* End PBXGroup section */

/* Begin PBXNativeTarget section */
		50BD54AB1D675A09000B93EF /* Pokedex */ = {
			isa = PBXNativeTarget;
			buildConfigurationList = 50BD54BE1D675A09000B93EF /* Build configuration list for PBXNativeTarget "Pokedex" */;
			buildPhases = (
				50BD54A81D675A09000B93EF /* Sources */,
				50BD54A91D675A09000B93EF /* Frameworks */,
				50BD54AA1D675A09000B93EF /* Resources */,
			);
			buildRules = (
			);
			dependencies = (
			);
			name = Pokedex;
			productName = Pokedex;
			productReference = 50BD54AC1D675A09000B93EF /* Pokedex.app */;
			productType = "com.apple.product-type.application";
		};
/* End PBXNativeTarget section */

/* Begin PBXProject section */
		50BD54A41D675A09000B93EF /* Project object */ = {
			isa = PBXProject;
			attributes = {
				LastSwiftUpdateCheck = 0800;
				LastUpgradeCheck = 0800;
				ORGANIZATIONNAME = MaxBleggi;
				TargetAttributes = {
					50BD54AB1D675A09000B93EF = {
						CreatedOnToolsVersion = 8.0;
						DevelopmentTeam = QNRGECQGXR;
						ProvisioningStyle = Automatic;
					};
				};
			};
			buildConfigurationList = 50BD54A71D675A09000B93EF /* Build configuration list for PBXProject "Pokedex" */;
			compatibilityVersion = "Xcode 3.2";
			developmentRegion = English;
			hasScannedForEncodings = 0;
			knownRegions = (
				en,
				Base,
			);
			mainGroup = 50BD54A31D675A09000B93EF;
			productRefGroup = 50BD54AD1D675A09000B93EF /* Products */;
			projectDirPath = "";
			projectRoot = "";
			targets = (
				50BD54AB1D675A09000B93EF /* Pokedex */,
			);
		};
/* End PBXProject section */

/* Begin PBXResourcesBuildPhase section */
		50BD54AA1D675A09000B93EF /* Resources */ = {
			isa = PBXResourcesBuildPhase;
			buildActionMask = 2147483647;
			files = (
				50BD54BA1D675A09000B93EF /* LaunchScreen.storyboard in Resources */,
				50BD54B71D675A09000B93EF /* Assets.xcassets in Resources */,
				50BD54C21D67606B000B93EF /* pokemon.csv in Resources */,
				50BD54B51D675A09000B93EF /* Main.storyboard in Resources */,
			);
			runOnlyForDeploymentPostprocessing = 0;
		};
/* End PBXResourcesBuildPhase section */

/* Begin PBXSourcesBuildPhase section */
		50BD54A81D675A09000B93EF /* Sources */ = {
			isa = PBXSourcesBuildPhase;
			buildActionMask = 2147483647;
			files = (
				50BD54B21D675A09000B93EF /* ViewController.swift in Sources */,
				50BD54B01D675A09000B93EF /* AppDelegate.swift in Sources */,
			);
			runOnlyForDeploymentPostprocessing = 0;
		};
/* End PBXSourcesBuildPhase section */

/* Begin PBXVariantGroup section */
		50BD54B31D675A09000B93EF /* Main.storyboard */ = {
			isa = PBXVariantGroup;
			children = (
				50BD54B41D675A09000B93EF /* Base */,
			);
			name = Main.storyboard;
			sourceTree = "<group>";
		};
		50BD54B81D675A09000B93EF /* LaunchScreen.storyboard */ = {
			isa = PBXVariantGroup;
			children = (
				50BD54B91D675A09000B93EF /* Base */,
			);
			name = LaunchScreen.storyboard;
			sourceTree = "<group>";
		};
/* End PBXVariantGroup section */

/* Begin XCBuildConfiguration section */
		50BD54BC1D675A09000B93EF /* Debug */ = {
			isa = XCBuildConfiguration;
			buildSettings = {
				ALWAYS_SEARCH_USER_PATHS = NO;
				CLANG_ANALYZER_NONNULL = YES;
				CLANG_CXX_LANGUAGE_STANDARD = "gnu++0x";
				CLANG_CXX_LIBRARY = "libc++";
				CLANG_ENABLE_MODULES = YES;
				CLANG_ENABLE_OBJC_ARC = YES;
				CLANG_WARN_BOOL_CONVERSION = YES;
				CLANG_WARN_CONSTANT_CONVERSION = YES;
				CLANG_WARN_DIRECT_OBJC_ISA_USAGE = YES_ERROR;
				CLANG_WARN_DOCUMENTATION_COMMENTS = YES;
				CLANG_WARN_EMPTY_BODY = YES;
				CLANG_WARN_ENUM_CONVERSION = YES;
				CLANG_WARN_INFINITE_RECURSION = YES;
				CLANG_WARN_INT_CONVERSION = YES;
				CLANG_WARN_OBJC_ROOT_CLASS = YES_ERROR;
				CLANG_WARN_SUSPICIOUS_MOVES = YES;
				CLANG_WARN_UNREACHABLE_CODE = YES;
				CLANG_WARN__DUPLICATE_METHOD_MATCH = YES;
				"CODE_SIGN_IDENTITY[sdk=iphoneos*]" = "iPhone Developer";
				COPY_PHASE_STRIP = NO;
				DEBUG_INFORMATION_FORMAT = dwarf;
				ENABLE_STRICT_OBJC_MSGSEND = YES;
				ENABLE_TESTABILITY = YES;
				GCC_C_LANGUAGE_STANDARD = gnu99;
				GCC_DYNAMIC_NO_PIC = NO;
				GCC_NO_COMMON_BLOCKS = YES;
				GCC_OPTIMIZATION_LEVEL = 0;
				GCC_PREPROCESSOR_DEFINITIONS = (
					"DEBUG=1",
					"$(inherited)",
				);
				GCC_WARN_64_TO_32_BIT_CONVERSION = YES;
				GCC_WARN_ABOUT_RETURN_TYPE = YES_ERROR;
				GCC_WARN_UNDECLARED_SELECTOR = YES;
				GCC_WARN_UNINITIALIZED_AUTOS = YES_AGGRESSIVE;
				GCC_WARN_UNUSED_FUNCTION = YES;
				GCC_WARN_UNUSED_VARIABLE = YES;
				IPHONEOS_DEPLOYMENT_TARGET = 10.0;
				MTL_ENABLE_DEBUG_INFO = YES;
				ONLY_ACTIVE_ARCH = YES;
				SDKROOT = iphoneos;
				SWIFT_ACTIVE_COMPILATION_CONDITIONS = DEBUG;
				SWIFT_OPTIMIZATION_LEVEL = "-Onone";
			};
			name = Debug;
		};
		50BD54BD1D675A09000B93EF /* Release */ = {
			isa = XCBuildConfiguration;
			buildSettings = {
				ALWAYS_SEARCH_USER_PATHS = NO;
				CLANG_ANALYZER_NONNULL = YES;
				CLANG_CXX_LANGUAGE_STANDARD = "gnu++0x";
				CLANG_CXX_LIBRARY = "libc++";
				CLANG_ENABLE_MODULES = YES;
				CLANG_ENABLE_OBJC_ARC = YES;
				CLANG_WARN_BOOL_CONVERSION = YES;
				CLANG_WARN_CONSTANT_CONVERSION = YES;
				CLANG_WARN_DIRECT_OBJC_ISA_USAGE = YES_ERROR;
				CLANG_WARN_DOCUMENTATION_COMMENTS = YES;
				CLANG_WARN_EMPTY_BODY = YES;
				CLANG_WARN_ENUM_CONVERSION = YES;
				CLANG_WARN_INFINITE_RECURSION = YES;
				CLANG_WARN_INT_CONVERSION = YES;
				CLANG_WARN_OBJC_ROOT_CLASS = YES_ERROR;
				CLANG_WARN_SUSPICIOUS_MOVES = YES;
				CLANG_WARN_UNREACHABLE_CODE = YES;
				CLANG_WARN__DUPLICATE_METHOD_MATCH = YES;
				"CODE_SIGN_IDENTITY[sdk=iphoneos*]" = "iPhone Developer";
				COPY_PHASE_STRIP = NO;
				DEBUG_INFORMATION_FORMAT = "dwarf-with-dsym";
				ENABLE_NS_ASSERTIONS = NO;
				ENABLE_STRICT_OBJC_MSGSEND = YES;
				GCC_C_LANGUAGE_STANDARD = gnu99;
				GCC_NO_COMMON_BLOCKS = YES;
				GCC_WARN_64_TO_32_BIT_CONVERSION = YES;
				GCC_WARN_ABOUT_RETURN_TYPE = YES_ERROR;
				GCC_WARN_UNDECLARED_SELECTOR = YES;
				GCC_WARN_UNINITIALIZED_AUTOS = YES_AGGRESSIVE;
				GCC_WARN_UNUSED_FUNCTION = YES;
				GCC_WARN_UNUSED_VARIABLE = YES;
				IPHONEOS_DEPLOYMENT_TARGET = 10.0;
				MTL_ENABLE_DEBUG_INFO = NO;
				SDKROOT = iphoneos;
				SWIFT_OPTIMIZATION_LEVEL = "-Owholemodule";
				VALIDATE_PRODUCT = YES;
			};
			name = Release;
		};
		50BD54BF1D675A09000B93EF /* Debug */ = {
			isa = XCBuildConfiguration;
			buildSettings = {
				ASSETCATALOG_COMPILER_APPICON_NAME = AppIcon;
				DEVELOPMENT_TEAM = QNRGECQGXR;
				INFOPLIST_FILE = Pokedex/Info.plist;
				LD_RUNPATH_SEARCH_PATHS = "$(inherited) @executable_path/Frameworks";
				PRODUCT_BUNDLE_IDENTIFIER = MaxBleggi.Pokedex;
				PRODUCT_NAME = "$(TARGET_NAME)";
				SWIFT_VERSION = 3.0;
			};
			name = Debug;
		};
		50BD54C01D675A09000B93EF /* Release */ = {
			isa = XCBuildConfiguration;
			buildSettings = {
				ASSETCATALOG_COMPILER_APPICON_NAME = AppIcon;
				DEVELOPMENT_TEAM = QNRGECQGXR;
				INFOPLIST_FILE = Pokedex/Info.plist;
				LD_RUNPATH_SEARCH_PATHS = "$(inherited) @executable_path/Frameworks";
				PRODUCT_BUNDLE_IDENTIFIER = MaxBleggi.Pokedex;
				PRODUCT_NAME = "$(TARGET_NAME)";
				SWIFT_VERSION = 3.0;
			};
			name = Release;
		};
/* End XCBuildConfiguration section */

/* Begin XCConfigurationList section */
		50BD54A71D675A09000B93EF /* Build configuration list for PBXProject "Pokedex" */ = {
			isa = XCConfigurationList;
			buildConfigurations = (
				50BD54BC1D675A09000B93EF /* Debug */,
				50BD54BD1D675A09000B93EF /* Release */,
			);
			defaultConfigurationIsVisible = 0;
			defaultConfigurationName = Release;
		};
		50BD54BE1D675A09000B93EF /* Build configuration list for PBXNativeTarget "Pokedex" */ = {
			isa = XCConfigurationList;
			buildConfigurations = (
				50BD54BF1D675A09000B93EF /* Debug */,
				50BD54C01D675A09000B93EF /* Release */,
			);
			defaultConfigurationIsVisible = 0;
		};
/* End XCConfigurationList section */
	};
	rootObject = 50BD54A41D675A09000B93EF /* Project object */;
}
